
Microsoft Visual Studio Solution File, Format Version 12.00
# Visual Studio 15
Project("{FAE04EC0-301F-11D3-BF4B-00C04F79EFBC}") = "Assembly-CSharp", "Assembly-CSharp.csproj", "{CBA21895-E237-0ED2-C211-E6B69CE1FCBA}"
EndProject
Global
	GlobalSection(SolutionConfigurationPlatforms) = preSolution
		Debug|Any CPU = Debug|Any CPU
		Release|Any CPU = Release|Any CPU
	EndGlobalSection
	GlobalSection(ProjectConfigurationPlatforms) = postSolution
		{CBA21895-E237-0ED2-C211-E6B69CE1FCBA}.Debug|Any CPU.ActiveCfg = Debug|Any CPU
		{CBA21895-E237-0ED2-C211-E6B69CE1FCBA}.Debug|Any CPU.Build.0 = Debug|Any CPU
		{CBA21895-E237-0ED2-C211-E6B69CE1FCBA}.Release|Any CPU.ActiveCfg = Release|Any CPU
		{CBA21895-E237-0ED2-C211-E6B69CE1FCBA}.Release|Any CPU.Build.0 = Release|Any CPU
	EndGlobalSection
	GlobalSection(SolutionProperties) = preSolution
		HideSolutionNode = FALSE
	EndGlobalSection
EndGlobal
